// !$*UTF8*$!
{
	archiveVersion = 1;
	classes = {
	};
	objectVersion = 56;
	objects = {

/* Begin PBXBuildFile section */
		408963762AAC592B00624116 /* CustomButton.swift in Sources */ = {isa = PBXBuildFile; fileRef = 408963752AAC592B00624116 /* CustomButton.swift */; };
		408963782AAC5B2500624116 /* ListUserView.swift in Sources */ = {isa = PBXBuildFile; fileRef = 408963772AAC5B2500624116 /* ListUserView.swift */; };
		4089637B2AAC5B3700624116 /* User.swift in Sources */ = {isa = PBXBuildFile; fileRef = 4089637A2AAC5B3700624116 /* User.swift */; };
		4089637D2AAC5F6000624116 /* ChatView.swift in Sources */ = {isa = PBXBuildFile; fileRef = 4089637C2AAC5F6000624116 /* ChatView.swift */; };
		4089637F2AAC5FEB00624116 /* ChatBubble.swift in Sources */ = {isa = PBXBuildFile; fileRef = 4089637E2AAC5FEB00624116 /* ChatBubble.swift */; };
		408963812AAC6DF100624116 /* Message.swift in Sources */ = {isa = PBXBuildFile; fileRef = 408963802AAC6DF100624116 /* Message.swift */; };
		408963832AAC71E500624116 /* GoogleService-Info.plist in Resources */ = {isa = PBXBuildFile; fileRef = 408963822AAC71E500624116 /* GoogleService-Info.plist */; };
		408963862AAC737700624116 /* FirebaseAuth in Frameworks */ = {isa = PBXBuildFile; productRef = 408963852AAC737700624116 /* FirebaseAuth */; };
		408963882AAC737700624116 /* FirebaseFirestore in Frameworks */ = {isa = PBXBuildFile; productRef = 408963872AAC737700624116 /* FirebaseFirestore */; };
		4089638A2AAC737700624116 /* FirebaseFirestoreSwift in Frameworks */ = {isa = PBXBuildFile; productRef = 408963892AAC737700624116 /* FirebaseFirestoreSwift */; };
		40FD387E2AAC4DEF00694247 /* Chat_App.swift in Sources */ = {isa = PBXBuildFile; fileRef = 40FD387D2AAC4DEF00694247 /* Chat_App.swift */; };
		40FD38802AAC4DEF00694247 /* ContentView.swift in Sources */ = {isa = PBXBuildFile; fileRef = 40FD387F2AAC4DEF00694247 /* ContentView.swift */; };
		40FD38822AAC4DF100694247 /* Assets.xcassets in Resources */ = {isa = PBXBuildFile; fileRef = 40FD38812AAC4DF100694247 /* Assets.xcassets */; };
		40FD38852AAC4DF100694247 /* Preview Assets.xcassets in Resources */ = {isa = PBXBuildFile; fileRef = 40FD38842AAC4DF100694247 /* Preview Assets.xcassets */; };
		40FD388A2AAC4DF100694247 /* Chat_App.xcdatamodeld in Sources */ = {isa = PBXBuildFile; fileRef = 40FD38882AAC4DF100694247 /* Chat_App.xcdatamodeld */; };
		40FD38942AAC4DF100694247 /* Chat_AppTests.swift in Sources */ = {isa = PBXBuildFile; fileRef = 40FD38932AAC4DF100694247 /* Chat_AppTests.swift */; };
		40FD389E2AAC4DF100694247 /* Chat_AppUITests.swift in Sources */ = {isa = PBXBuildFile; fileRef = 40FD389D2AAC4DF100694247 /* Chat_AppUITests.swift */; };
		40FD38A02AAC4DF100694247 /* Chat_AppUITestsLaunchTests.swift in Sources */ = {isa = PBXBuildFile; fileRef = 40FD389F2AAC4DF100694247 /* Chat_AppUITestsLaunchTests.swift */; };
		40FD38AE2AAC4F0500694247 /* LoginView.swift in Sources */ = {isa = PBXBuildFile; fileRef = 40FD38AD2AAC4F0500694247 /* LoginView.swift */; };
		40FD38B02AAC4F0D00694247 /* SignupView.swift in Sources */ = {isa = PBXBuildFile; fileRef = 40FD38AF2AAC4F0D00694247 /* SignupView.swift */; };
		40FD38B32AAC507B00694247 /* CustomTextField.swift in Sources */ = {isa = PBXBuildFile; fileRef = 40FD38B22AAC507B00694247 /* CustomTextField.swift */; };
/* End PBXBuildFile section */

/* Begin PBXContainerItemProxy section */
		40FD38902AAC4DF100694247 /* PBXContainerItemProxy */ = {
			isa = PBXContainerItemProxy;
			containerPortal = 40FD38722AAC4DEF00694247 /* Project object */;
			proxyType = 1;
			remoteGlobalIDString = 40FD38792AAC4DEF00694247;
			remoteInfo = "Chat App";
		};
		40FD389A2AAC4DF100694247 /* PBXContainerItemProxy */ = {
			isa = PBXContainerItemProxy;
			containerPortal = 40FD38722AAC4DEF00694247 /* Project object */;
			proxyType = 1;
			remoteGlobalIDString = 40FD38792AAC4DEF00694247;
			remoteInfo = "Chat App";
		};
/* End PBXContainerItemProxy section */

/* Begin PBXFileReference section */
		408963752AAC592B00624116 /* CustomButton.swift */ = {isa = PBXFileReference; lastKnownFileType = sourcecode.swift; path = CustomButton.swift; sourceTree = "<group>"; };
		408963772AAC5B2500624116 /* ListUserView.swift */ = {isa = PBXFileReference; lastKnownFileType = sourcecode.swift; path = ListUserView.swift; sourceTree = "<group>"; };
		4089637A2AAC5B3700624116 /* User.swift */ = {isa = PBXFileReference; lastKnownFileType = sourcecode.swift; path = User.swift; sourceTree = "<group>"; };
		4089637C2AAC5F6000624116 /* ChatView.swift */ = {isa = PBXFileReference; lastKnownFileType = sourcecode.swift; path = ChatView.swift; sourceTree = "<group>"; };
		4089637E2AAC5FEB00624116 /* ChatBubble.swift */ = {isa = PBXFileReference; lastKnownFileType = sourcecode.swift; path = ChatBubble.swift; sourceTree = "<group>"; };
		408963802AAC6DF100624116 /* Message.swift */ = {isa = PBXFileReference; lastKnownFileType = sourcecode.swift; path = Message.swift; sourceTree = "<group>"; };
		408963822AAC71E500624116 /* GoogleService-Info.plist */ = {isa = PBXFileReference; fileEncoding = 4; lastKnownFileType = text.plist.xml; path = "GoogleService-Info.plist"; sourceTree = "<group>"; };
		40FD387A2AAC4DEF00694247 /* Chat App.app */ = {isa = PBXFileReference; explicitFileType = wrapper.application; includeInIndex = 0; path = "Chat App.app"; sourceTree = BUILT_PRODUCTS_DIR; };
		40FD387D2AAC4DEF00694247 /* Chat_App.swift */ = {isa = PBXFileReference; lastKnownFileType = sourcecode.swift; path = Chat_App.swift; sourceTree = "<group>"; };
		40FD387F2AAC4DEF00694247 /* ContentView.swift */ = {isa = PBXFileReference; lastKnownFileType = sourcecode.swift; path = ContentView.swift; sourceTree = "<group>"; };
		40FD38812AAC4DF100694247 /* Assets.xcassets */ = {isa = PBXFileReference; lastKnownFileType = folder.assetcatalog; path = Assets.xcassets; sourceTree = "<group>"; };
		40FD38842AAC4DF100694247 /* Preview Assets.xcassets */ = {isa = PBXFileReference; lastKnownFileType = folder.assetcatalog; path = "Preview Assets.xcassets"; sourceTree = "<group>"; };
		40FD38892AAC4DF100694247 /* Chat_App.xcdatamodel */ = {isa = PBXFileReference; lastKnownFileType = wrapper.xcdatamodel; path = Chat_App.xcdatamodel; sourceTree = "<group>"; };
		40FD388F2AAC4DF100694247 /* Chat AppTests.xctest */ = {isa = PBXFileReference; explicitFileType = wrapper.cfbundle; includeInIndex = 0; path = "Chat AppTests.xctest"; sourceTree = BUILT_PRODUCTS_DIR; };
		40FD38932AAC4DF100694247 /* Chat_AppTests.swift */ = {isa = PBXFileReference; lastKnownFileType = sourcecode.swift; path = Chat_AppTests.swift; sourceTree = "<group>"; };
		40FD38992AAC4DF100694247 /* Chat AppUITests.xctest */ = {isa = PBXFileReference; explicitFileType = wrapper.cfbundle; includeInIndex = 0; path = "Chat AppUITests.xctest"; sourceTree = BUILT_PRODUCTS_DIR; };
		40FD389D2AAC4DF100694247 /* Chat_AppUITests.swift */ = {isa = PBXFileReference; lastKnownFileType = sourcecode.swift; path = Chat_AppUITests.swift; sourceTree = "<group>"; };
		40FD389F2AAC4DF100694247 /* Chat_AppUITestsLaunchTests.swift */ = {isa = PBXFileReference; lastKnownFileType = sourcecode.swift; path = Chat_AppUITestsLaunchTests.swift; sourceTree = "<group>"; };
		40FD38AD2AAC4F0500694247 /* LoginView.swift */ = {isa = PBXFileReference; lastKnownFileType = sourcecode.swift; path = LoginView.swift; sourceTree = "<group>"; };
		40FD38AF2AAC4F0D00694247 /* SignupView.swift */ = {isa = PBXFileReference; lastKnownFileType = sourcecode.swift; path = SignupView.swift; sourceTree = "<group>"; };
		40FD38B22AAC507B00694247 /* CustomTextField.swift */ = {isa = PBXFileReference; lastKnownFileType = sourcecode.swift; path = CustomTextField.swift; sourceTree = "<group>"; };
/* End PBXFileReference section */

/* Begin PBXFrameworksBuildPhase section */
		40FD38772AAC4DEF00694247 /* Frameworks */ = {
			isa = PBXFrameworksBuildPhase;
			buildActionMask = 2147483647;
			files = (
				408963862AAC737700624116 /* FirebaseAuth in Frameworks */,
				408963882AAC737700624116 /* FirebaseFirestore in Frameworks */,
				4089638A2AAC737700624116 /* FirebaseFirestoreSwift in Frameworks */,
			);
			runOnlyForDeploymentPostprocessing = 0;
		};
		40FD388C2AAC4DF100694247 /* Frameworks */ = {
			isa = PBXFrameworksBuildPhase;
			buildActionMask = 2147483647;
			files = (
			);
			runOnlyForDeploymentPostprocessing = 0;
		};
		40FD38962AAC4DF100694247 /* Frameworks */ = {
			isa = PBXFrameworksBuildPhase;
			buildActionMask = 2147483647;
			files = (
			);
			runOnlyForDeploymentPostprocessing = 0;
		};
/* End PBXFrameworksBuildPhase section */

/* Begin PBXGroup section */
		408963792AAC5B2A00624116 /* Models */ = {
			isa = PBXGroup;
			children = (
				4089637A2AAC5B3700624116 /* User.swift */,
				408963802AAC6DF100624116 /* Message.swift */,
			);
			path = Models;
			sourceTree = "<group>";
		};
		40FD38712AAC4DEF00694247 = {
			isa = PBXGroup;
			children = (
				40FD387C2AAC4DEF00694247 /* Chat App */,
				40FD38922AAC4DF100694247 /* Chat AppTests */,
				40FD389C2AAC4DF100694247 /* Chat AppUITests */,
				40FD387B2AAC4DEF00694247 /* Products */,
			);
			sourceTree = "<group>";
		};
		40FD387B2AAC4DEF00694247 /* Products */ = {
			isa = PBXGroup;
			children = (
				40FD387A2AAC4DEF00694247 /* Chat App.app */,
				40FD388F2AAC4DF100694247 /* Chat AppTests.xctest */,
				40FD38992AAC4DF100694247 /* Chat AppUITests.xctest */,
			);
			name = Products;
			sourceTree = "<group>";
		};
		40FD387C2AAC4DEF00694247 /* Chat App */ = {
			isa = PBXGroup;
			children = (
				408963822AAC71E500624116 /* GoogleService-Info.plist */,
				408963792AAC5B2A00624116 /* Models */,
				40FD38B12AAC506700694247 /* Components */,
				40FD38AC2AAC4EF700694247 /* View */,
				40FD387D2AAC4DEF00694247 /* Chat_App.swift */,
				40FD387F2AAC4DEF00694247 /* ContentView.swift */,
				40FD38812AAC4DF100694247 /* Assets.xcassets */,
				40FD38882AAC4DF100694247 /* Chat_App.xcdatamodeld */,
				40FD38832AAC4DF100694247 /* Preview Content */,
			);
			path = "Chat App";
			sourceTree = "<group>";
		};
		40FD38832AAC4DF100694247 /* Preview Content */ = {
			isa = PBXGroup;
			children = (
				40FD38842AAC4DF100694247 /* Preview Assets.xcassets */,
			);
			path = "Preview Content";
			sourceTree = "<group>";
		};
		40FD38922AAC4DF100694247 /* Chat AppTests */ = {
			isa = PBXGroup;
			children = (
				40FD38932AAC4DF100694247 /* Chat_AppTests.swift */,
			);
			path = "Chat AppTests";
			sourceTree = "<group>";
		};
		40FD389C2AAC4DF100694247 /* Chat AppUITests */ = {
			isa = PBXGroup;
			children = (
				40FD389D2AAC4DF100694247 /* Chat_AppUITests.swift */,
				40FD389F2AAC4DF100694247 /* Chat_AppUITestsLaunchTests.swift */,
			);
			path = "Chat AppUITests";
			sourceTree = "<group>";
		};
		40FD38AC2AAC4EF700694247 /* View */ = {
			isa = PBXGroup;
			children = (
				40FD38AD2AAC4F0500694247 /* LoginView.swift */,
				40FD38AF2AAC4F0D00694247 /* SignupView.swift */,
				408963772AAC5B2500624116 /* ListUserView.swift */,
				4089637C2AAC5F6000624116 /* ChatView.swift */,
			);
			path = View;
			sourceTree = "<group>";
		};
		40FD38B12AAC506700694247 /* Components */ = {
			isa = PBXGroup;
			children = (
				40FD38B22AAC507B00694247 /* CustomTextField.swift */,
				408963752AAC592B00624116 /* CustomButton.swift */,
				4089637E2AAC5FEB00624116 /* ChatBubble.swift */,
			);
			path = Components;
			sourceTree = "<group>";
		};
/* End PBXGroup section */

/* Begin PBXNativeTarget section */
		40FD38792AAC4DEF00694247 /* Chat App */ = {
			isa = PBXNativeTarget;
			buildConfigurationList = 40FD38A32AAC4DF100694247 /* Build configuration list for PBXNativeTarget "Chat App" */;
			buildPhases = (
				40FD38762AAC4DEF00694247 /* Sources */,
				40FD38772AAC4DEF00694247 /* Frameworks */,
				40FD38782AAC4DEF00694247 /* Resources */,
			);
			buildRules = (
			);
			dependencies = (
			);
			name = "Chat App";
			packageProductDependencies = (
				408963852AAC737700624116 /* FirebaseAuth */,
				408963872AAC737700624116 /* FirebaseFirestore */,
				408963892AAC737700624116 /* FirebaseFirestoreSwift */,
			);
			productName = "Chat App";
			productReference = 40FD387A2AAC4DEF00694247 /* Chat App.app */;
			productType = "com.apple.product-type.application";
		};
		40FD388E2AAC4DF100694247 /* Chat AppTests */ = {
			isa = PBXNativeTarget;
			buildConfigurationList = 40FD38A62AAC4DF100694247 /* Build configuration list for PBXNativeTarget "Chat AppTests" */;
			buildPhases = (
				40FD388B2AAC4DF100694247 /* Sources */,
				40FD388C2AAC4DF100694247 /* Frameworks */,
				40FD388D2AAC4DF100694247 /* Resources */,
			);
			buildRules = (
			);
			dependencies = (
				40FD38912AAC4DF100694247 /* PBXTargetDependency */,
			);
			name = "Chat AppTests";
			productName = "Chat AppTests";
			productReference = 40FD388F2AAC4DF100694247 /* Chat AppTests.xctest */;
			productType = "com.apple.product-type.bundle.unit-test";
		};
		40FD38982AAC4DF100694247 /* Chat AppUITests */ = {
			isa = PBXNativeTarget;
			buildConfigurationList = 40FD38A92AAC4DF100694247 /* Build configuration list for PBXNativeTarget "Chat AppUITests" */;
			buildPhases = (
				40FD38952AAC4DF100694247 /* Sources */,
				40FD38962AAC4DF100694247 /* Frameworks */,
				40FD38972AAC4DF100694247 /* Resources */,
			);
			buildRules = (
			);
			dependencies = (
				40FD389B2AAC4DF100694247 /* PBXTargetDependency */,
			);
			name = "Chat AppUITests";
			productName = "Chat AppUITests";
			productReference = 40FD38992AAC4DF100694247 /* Chat AppUITests.xctest */;
			productType = "com.apple.product-type.bundle.ui-testing";
		};
/* End PBXNativeTarget section */

/* Begin PBXProject section */
		40FD38722AAC4DEF00694247 /* Project object */ = {
			isa = PBXProject;
			attributes = {
				BuildIndependentTargetsInParallel = 1;
				LastSwiftUpdateCheck = 1430;
				LastUpgradeCheck = 1430;
				TargetAttributes = {
					40FD38792AAC4DEF00694247 = {
						CreatedOnToolsVersion = 14.3;
					};
					40FD388E2AAC4DF100694247 = {
						CreatedOnToolsVersion = 14.3;
						TestTargetID = 40FD38792AAC4DEF00694247;
					};
					40FD38982AAC4DF100694247 = {
						CreatedOnToolsVersion = 14.3;
						TestTargetID = 40FD38792AAC4DEF00694247;
					};
				};
			};
			buildConfigurationList = 40FD38752AAC4DEF00694247 /* Build configuration list for PBXProject "Chat App" */;
			compatibilityVersion = "Xcode 14.0";
			developmentRegion = en;
			hasScannedForEncodings = 0;
			knownRegions = (
				en,
				Base,
			);
			mainGroup = 40FD38712AAC4DEF00694247;
			packageReferences = (
				408963842AAC737700624116 /* XCRemoteSwiftPackageReference "firebase-ios-sdk" */,
			);
			productRefGroup = 40FD387B2AAC4DEF00694247 /* Products */;
			projectDirPath = "";
			projectRoot = "";
			targets = (
				40FD38792AAC4DEF00694247 /* Chat App */,
				40FD388E2AAC4DF100694247 /* Chat AppTests */,
				40FD38982AAC4DF100694247 /* Chat AppUITests */,
			);
		};
/* End PBXProject section */

/* Begin PBXResourcesBuildPhase section */
		40FD38782AAC4DEF00694247 /* Resources */ = {
			isa = PBXResourcesBuildPhase;
			buildActionMask = 2147483647;
			files = (
				40FD38852AAC4DF100694247 /* Preview Assets.xcassets in Resources */,
				40FD38822AAC4DF100694247 /* Assets.xcassets in Resources */,
				408963832AAC71E500624116 /* GoogleService-Info.plist in Resources */,
			);
			runOnlyForDeploymentPostprocessing = 0;
		};
		40FD388D2AAC4DF100694247 /* Resources */ = {
			isa = PBXResourcesBuildPhase;
			buildActionMask = 2147483647;
			files = (
			);
			runOnlyForDeploymentPostprocessing = 0;
		};
		40FD38972AAC4DF100694247 /* Resources */ = {
			isa = PBXResourcesBuildPhase;
			buildActionMask = 2147483647;
			files = (
			);
			runOnlyForDeploymentPostprocessing = 0;
		};
/* End PBXResourcesBuildPhase section */

/* Begin PBXSourcesBuildPhase section */
		40FD38762AAC4DEF00694247 /* Sources */ = {
			isa = PBXSourcesBuildPhase;
			buildActionMask = 2147483647;
			files = (
				40FD388A2AAC4DF100694247 /* Chat_App.xcdatamodeld in Sources */,
				40FD38802AAC4DEF00694247 /* ContentView.swift in Sources */,
				4089637D2AAC5F6000624116 /* ChatView.swift in Sources */,
				40FD38B32AAC507B00694247 /* CustomTextField.swift in Sources */,
				4089637F2AAC5FEB00624116 /* ChatBubble.swift in Sources */,
				408963782AAC5B2500624116 /* ListUserView.swift in Sources */,
				40FD38AE2AAC4F0500694247 /* LoginView.swift in Sources */,
				4089637B2AAC5B3700624116 /* User.swift in Sources */,
				408963762AAC592B00624116 /* CustomButton.swift in Sources */,
				408963812AAC6DF100624116 /* Message.swift in Sources */,
				40FD387E2AAC4DEF00694247 /* Chat_App.swift in Sources */,
				40FD38B02AAC4F0D00694247 /* SignupView.swift in Sources */,
			);
			runOnlyForDeploymentPostprocessing = 0;
		};
		40FD388B2AAC4DF100694247 /* Sources */ = {
			isa = PBXSourcesBuildPhase;
			buildActionMask = 2147483647;
			files = (
				40FD38942AAC4DF100694247 /* Chat_AppTests.swift in Sources */,
			);
			runOnlyForDeploymentPostprocessing = 0;
		};
		40FD38952AAC4DF100694247 /* Sources */ = {
			isa = PBXSourcesBuildPhase;
			buildActionMask = 2147483647;
			files = (
				40FD38A02AAC4DF100694247 /* Chat_AppUITestsLaunchTests.swift in Sources */,
				40FD389E2AAC4DF100694247 /* Chat_AppUITests.swift in Sources */,
			);
			runOnlyForDeploymentPostprocessing = 0;
		};
/* End PBXSourcesBuildPhase section */

/* Begin PBXTargetDependency section */
		40FD38912AAC4DF100694247 /* PBXTargetDependency */ = {
			isa = PBXTargetDependency;
			target = 40FD38792AAC4DEF00694247 /* Chat App */;
			targetProxy = 40FD38902AAC4DF100694247 /* PBXContainerItemProxy */;
		};
		40FD389B2AAC4DF100694247 /* PBXTargetDependency */ = {
			isa = PBXTargetDependency;
			target = 40FD38792AAC4DEF00694247 /* Chat App */;
			targetProxy = 40FD389A2AAC4DF100694247 /* PBXContainerItemProxy */;
		};
/* End PBXTargetDependency section */

/* Begin XCBuildConfiguration section */
		40FD38A12AAC4DF100694247 /* Debug */ = {
			isa = XCBuildConfiguration;
			buildSettings = {
				ALWAYS_SEARCH_USER_PATHS = NO;
				CLANG_ANALYZER_NONNULL = YES;
				CLANG_ANALYZER_NUMBER_OBJECT_CONVERSION = YES_AGGRESSIVE;
				CLANG_CXX_LANGUAGE_STANDARD = "gnu++20";
				CLANG_ENABLE_MODULES = YES;
				CLANG_ENABLE_OBJC_ARC = YES;
				CLANG_ENABLE_OBJC_WEAK = YES;
				CLANG_WARN_BLOCK_CAPTURE_AUTORELEASING = YES;
				CLANG_WARN_BOOL_CONVERSION = YES;
				CLANG_WARN_COMMA = YES;
				CLANG_WARN_CONSTANT_CONVERSION = YES;
				CLANG_WARN_DEPRECATED_OBJC_IMPLEMENTATIONS = YES;
				CLANG_WARN_DIRECT_OBJC_ISA_USAGE = YES_ERROR;
				CLANG_WARN_DOCUMENTATION_COMMENTS = YES;
				CLANG_WARN_EMPTY_BODY = YES;
				CLANG_WARN_ENUM_CONVERSION = YES;
				CLANG_WARN_INFINITE_RECURSION = YES;
				CLANG_WARN_INT_CONVERSION = YES;
				CLANG_WARN_NON_LITERAL_NULL_CONVERSION = YES;
				CLANG_WARN_OBJC_IMPLICIT_RETAIN_SELF = YES;
				CLANG_WARN_OBJC_LITERAL_CONVERSION = YES;
				CLANG_WARN_OBJC_ROOT_CLASS = YES_ERROR;
				CLANG_WARN_QUOTED_INCLUDE_IN_FRAMEWORK_HEADER = YES;
				CLANG_WARN_RANGE_LOOP_ANALYSIS = YES;
				CLANG_WARN_STRICT_PROTOTYPES = YES;
				CLANG_WARN_SUSPICIOUS_MOVE = YES;
				CLANG_WARN_UNGUARDED_AVAILABILITY = YES_AGGRESSIVE;
				CLANG_WARN_UNREACHABLE_CODE = YES;
				CLANG_WARN__DUPLICATE_METHOD_MATCH = YES;
				COPY_PHASE_STRIP = NO;
				DEBUG_INFORMATION_FORMAT = dwarf;
				ENABLE_STRICT_OBJC_MSGSEND = YES;
				ENABLE_TESTABILITY = YES;
				GCC_C_LANGUAGE_STANDARD = gnu11;
				GCC_DYNAMIC_NO_PIC = NO;
				GCC_NO_COMMON_BLOCKS = YES;
				GCC_OPTIMIZATION_LEVEL = 0;
				GCC_PREPROCESSOR_DEFINITIONS = (
					"DEBUG=1",
					"$(inherited)",
				);
				GCC_WARN_64_TO_32_BIT_CONVERSION = YES;
				GCC_WARN_ABOUT_RETURN_TYPE = YES_ERROR;
				GCC_WARN_UNDECLARED_SELECTOR = YES;
				GCC_WARN_UNINITIALIZED_AUTOS = YES_AGGRESSIVE;
				GCC_WARN_UNUSED_FUNCTION = YES;
				GCC_WARN_UNUSED_VARIABLE = YES;
				IPHONEOS_DEPLOYMENT_TARGET = 16.4;
				MTL_ENABLE_DEBUG_INFO = INCLUDE_SOURCE;
				MTL_FAST_MATH = YES;
				ONLY_ACTIVE_ARCH = YES;
				SDKROOT = iphoneos;
				SWIFT_ACTIVE_COMPILATION_CONDITIONS = DEBUG;
				SWIFT_OPTIMIZATION_LEVEL = "-Onone";
			};
			name = Debug;
		};
		40FD38A22AAC4DF100694247 /* Release */ = {
			isa = XCBuildConfiguration;
			buildSettings = {
				ALWAYS_SEARCH_USER_PATHS = NO;
				CLANG_ANALYZER_NONNULL = YES;
				CLANG_ANALYZER_NUMBER_OBJECT_CONVERSION = YES_AGGRESSIVE;
				CLANG_CXX_LANGUAGE_STANDARD = "gnu++20";
				CLANG_ENABLE_MODULES = YES;
				CLANG_ENABLE_OBJC_ARC = YES;
				CLANG_ENABLE_OBJC_WEAK = YES;
				CLANG_WARN_BLOCK_CAPTURE_AUTORELEASING = YES;
				CLANG_WARN_BOOL_CONVERSION = YES;
				CLANG_WARN_COMMA = YES;
				CLANG_WARN_CONSTANT_CONVERSION = YES;
				CLANG_WARN_DEPRECATED_OBJC_IMPLEMENTATIONS = YES;
				CLANG_WARN_DIRECT_OBJC_ISA_USAGE = YES_ERROR;
				CLANG_WARN_DOCUMENTATION_COMMENTS = YES;
				CLANG_WARN_EMPTY_BODY = YES;
				CLANG_WARN_ENUM_CONVERSION = YES;
				CLANG_WARN_INFINITE_RECURSION = YES;
				CLANG_WARN_INT_CONVERSION = YES;
				CLANG_WARN_NON_LITERAL_NULL_CONVERSION = YES;
				CLANG_WARN_OBJC_IMPLICIT_RETAIN_SELF = YES;
				CLANG_WARN_OBJC_LITERAL_CONVERSION = YES;
				CLANG_WARN_OBJC_ROOT_CLASS = YES_ERROR;
				CLANG_WARN_QUOTED_INCLUDE_IN_FRAMEWORK_HEADER = YES;
				CLANG_WARN_RANGE_LOOP_ANALYSIS = YES;
				CLANG_WARN_STRICT_PROTOTYPES = YES;
				CLANG_WARN_SUSPICIOUS_MOVE = YES;
				CLANG_WARN_UNGUARDED_AVAILABILITY = YES_AGGRESSIVE;
				CLANG_WARN_UNREACHABLE_CODE = YES;
				CLANG_WARN__DUPLICATE_METHOD_MATCH = YES;
				COPY_PHASE_STRIP = NO;
				DEBUG_INFORMATION_FORMAT = "dwarf-with-dsym";
				ENABLE_NS_ASSERTIONS = NO;
				ENABLE_STRICT_OBJC_MSGSEND = YES;
				GCC_C_LANGUAGE_STANDARD = gnu11;
				GCC_NO_COMMON_BLOCKS = YES;
				GCC_WARN_64_TO_32_BIT_CONVERSION = YES;
				GCC_WARN_ABOUT_RETURN_TYPE = YES_ERROR;
				GCC_WARN_UNDECLARED_SELECTOR = YES;
				GCC_WARN_UNINITIALIZED_AUTOS = YES_AGGRESSIVE;
				GCC_WARN_UNUSED_FUNCTION = YES;
				GCC_WARN_UNUSED_VARIABLE = YES;
				IPHONEOS_DEPLOYMENT_TARGET = 16.4;
				MTL_ENABLE_DEBUG_INFO = NO;
				MTL_FAST_MATH = YES;
				SDKROOT = iphoneos;
				SWIFT_COMPILATION_MODE = wholemodule;
				SWIFT_OPTIMIZATION_LEVEL = "-O";
				VALIDATE_PRODUCT = YES;
			};
			name = Release;
		};
		40FD38A42AAC4DF100694247 /* Debug */ = {
			isa = XCBuildConfiguration;
			buildSettings = {
				ASSETCATALOG_COMPILER_APPICON_NAME = AppIcon;
				ASSETCATALOG_COMPILER_GLOBAL_ACCENT_COLOR_NAME = AccentColor;
				CODE_SIGN_STYLE = Automatic;
				CURRENT_PROJECT_VERSION = 1;
				DEVELOPMENT_ASSET_PATHS = "\"Chat App/Preview Content\"";
				DEVELOPMENT_TEAM = AR84MSRR4K;
				ENABLE_PREVIEWS = YES;
				GENERATE_INFOPLIST_FILE = YES;
				INFOPLIST_KEY_UIApplicationSceneManifest_Generation = YES;
				INFOPLIST_KEY_UIApplicationSupportsIndirectInputEvents = YES;
				INFOPLIST_KEY_UILaunchScreen_Generation = YES;
				INFOPLIST_KEY_UISupportedInterfaceOrientations_iPad = "UIInterfaceOrientationPortrait UIInterfaceOrientationPortraitUpsideDown UIInterfaceOrientationLandscapeLeft UIInterfaceOrientationLandscapeRight";
				INFOPLIST_KEY_UISupportedInterfaceOrientations_iPhone = "UIInterfaceOrientationPortrait UIInterfaceOrientationLandscapeLeft UIInterfaceOrientationLandscapeRight";
				LD_RUNPATH_SEARCH_PATHS = (
					"$(inherited)",
					"@executable_path/Frameworks",
				);
				MARKETING_VERSION = 1.0;
				PRODUCT_BUNDLE_IDENTIFIER = x;
				PRODUCT_NAME = "$(TARGET_NAME)";
				SWIFT_EMIT_LOC_STRINGS = YES;
				SWIFT_VERSION = 5.0;
				TARGETED_DEVICE_FAMILY = "1,2";
			};
			name = Debug;
		};
		40FD38A52AAC4DF100694247 /* Release */ = {
			isa = XCBuildConfiguration;
			buildSettings = {
				ASSETCATALOG_COMPILER_APPICON_NAME = AppIcon;
				ASSETCATALOG_COMPILER_GLOBAL_ACCENT_COLOR_NAME = AccentColor;
				CODE_SIGN_STYLE = Automatic;
				CURRENT_PROJECT_VERSION = 1;
				DEVELOPMENT_ASSET_PATHS = "\"Chat App/Preview Content\"";
				DEVELOPMENT_TEAM = AR84MSRR4K;
				ENABLE_PREVIEWS = YES;
				GENERATE_INFOPLIST_FILE = YES;
				INFOPLIST_KEY_UIApplicationSceneManifest_Generation = YES;
				INFOPLIST_KEY_UIApplicationSupportsIndirectInputEvents = YES;
				INFOPLIST_KEY_UILaunchScreen_Generation = YES;
				INFOPLIST_KEY_UISupportedInterfaceOrientations_iPad = "UIInterfaceOrientationPortrait UIInterfaceOrientationPortraitUpsideDown UIInterfaceOrientationLandscapeLeft UIInterfaceOrientationLandscapeRight";
				INFOPLIST_KEY_UISupportedInterfaceOrientations_iPhone = "UIInterfaceOrientationPortrait UIInterfaceOrientationLandscapeLeft UIInterfaceOrientationLandscapeRight";
				LD_RUNPATH_SEARCH_PATHS = (
					"$(inherited)",
					"@executable_path/Frameworks",
				);
				MARKETING_VERSION = 1.0;
				PRODUCT_BUNDLE_IDENTIFIER = x;
				PRODUCT_NAME = "$(TARGET_NAME)";
				SWIFT_EMIT_LOC_STRINGS = YES;
				SWIFT_VERSION = 5.0;
				TARGETED_DEVICE_FAMILY = "1,2";
			};
			name = Release;
		};
		40FD38A72AAC4DF100694247 /* Debug */ = {
			isa = XCBuildConfiguration;
			buildSettings = {
				ALWAYS_EMBED_SWIFT_STANDARD_LIBRARIES = YES;
				BUNDLE_LOADER = "$(TEST_HOST)";
				CODE_SIGN_STYLE = Automatic;
				CURRENT_PROJECT_VERSION = 1;
				DEVELOPMENT_TEAM = AR84MSRR4K;
				GENERATE_INFOPLIST_FILE = YES;
				IPHONEOS_DEPLOYMENT_TARGET = 16.4;
				MARKETING_VERSION = 1.0;
				PRODUCT_BUNDLE_IDENTIFIER = "yagrariksa.altechomega.test.Chat-AppTests";
				PRODUCT_NAME = "$(TARGET_NAME)";
				SWIFT_EMIT_LOC_STRINGS = NO;
				SWIFT_VERSION = 5.0;
				TARGETED_DEVICE_FAMILY = "1,2";
				TEST_HOST = "$(BUILT_PRODUCTS_DIR)/Chat App.app/$(BUNDLE_EXECUTABLE_FOLDER_PATH)/Chat App";
			};
			name = Debug;
		};
		40FD38A82AAC4DF100694247 /* Release */ = {
			isa = XCBuildConfiguration;
			buildSettings = {
				ALWAYS_EMBED_SWIFT_STANDARD_LIBRARIES = YES;
				BUNDLE_LOADER = "$(TEST_HOST)";
				CODE_SIGN_STYLE = Automatic;
				CURRENT_PROJECT_VERSION = 1;
				DEVELOPMENT_TEAM = AR84MSRR4K;
				GENERATE_INFOPLIST_FILE = YES;
				IPHONEOS_DEPLOYMENT_TARGET = 16.4;
				MARKETING_VERSION = 1.0;
				PRODUCT_BUNDLE_IDENTIFIER = "yagrariksa.altechomega.test.Chat-AppTests";
				PRODUCT_NAME = "$(TARGET_NAME)";
				SWIFT_EMIT_LOC_STRINGS = NO;
				SWIFT_VERSION = 5.0;
				TARGETED_DEVICE_FAMILY = "1,2";
				TEST_HOST = "$(BUILT_PRODUCTS_DIR)/Chat App.app/$(BUNDLE_EXECUTABLE_FOLDER_PATH)/Chat App";
			};
			name = Release;
		};
		40FD38AA2AAC4DF100694247 /* Debug */ = {
			isa = XCBuildConfiguration;
			buildSettings = {
				ALWAYS_EMBED_SWIFT_STANDARD_LIBRARIES = YES;
				CODE_SIGN_STYLE = Automatic;
				CURRENT_PROJECT_VERSION = 1;
				DEVELOPMENT_TEAM = AR84MSRR4K;
				GENERATE_INFOPLIST_FILE = YES;
				MARKETING_VERSION = 1.0;
				PRODUCT_BUNDLE_IDENTIFIER = "yagrariksa.altechomega.test.Chat-AppUITests";
				PRODUCT_NAME = "$(TARGET_NAME)";
				SWIFT_EMIT_LOC_STRINGS = NO;
				SWIFT_VERSION = 5.0;
				TARGETED_DEVICE_FAMILY = "1,2";
				TEST_TARGET_NAME = "Chat App";
			};
			name = Debug;
		};
		40FD38AB2AAC4DF100694247 /* Release */ = {
			isa = XCBuildConfiguration;
			buildSettings = {
				ALWAYS_EMBED_SWIFT_STANDARD_LIBRARIES = YES;
				CODE_SIGN_STYLE = Automatic;
				CURRENT_PROJECT_VERSION = 1;
				DEVELOPMENT_TEAM = AR84MSRR4K;
				GENERATE_INFOPLIST_FILE = YES;
				MARKETING_VERSION = 1.0;
				PRODUCT_BUNDLE_IDENTIFIER = "yagrariksa.altechomega.test.Chat-AppUITests";
				PRODUCT_NAME = "$(TARGET_NAME)";
				SWIFT_EMIT_LOC_STRINGS = NO;
				SWIFT_VERSION = 5.0;
				TARGETED_DEVICE_FAMILY = "1,2";
				TEST_TARGET_NAME = "Chat App";
			};
			name = Release;
		};
/* End XCBuildConfiguration section */

/* Begin XCConfigurationList section */
		40FD38752AAC4DEF00694247 /* Build configuration list for PBXProject "Chat App" */ = {
			isa = XCConfigurationList;
			buildConfigurations = (
				40FD38A12AAC4DF100694247 /* Debug */,
				40FD38A22AAC4DF100694247 /* Release */,
			);
			defaultConfigurationIsVisible = 0;
			defaultConfigurationName = Release;
		};
		40FD38A32AAC4DF100694247 /* Build configuration list for PBXNativeTarget "Chat App" */ = {
			isa = XCConfigurationList;
			buildConfigurations = (
				40FD38A42AAC4DF100694247 /* Debug */,
				40FD38A52AAC4DF100694247 /* Release */,
			);
			defaultConfigurationIsVisible = 0;
			defaultConfigurationName = Release;
		};
		40FD38A62AAC4DF100694247 /* Build configuration list for PBXNativeTarget "Chat AppTests" */ = {
			isa = XCConfigurationList;
			buildConfigurations = (
				40FD38A72AAC4DF100694247 /* Debug */,
				40FD38A82AAC4DF100694247 /* Release */,
			);
			defaultConfigurationIsVisible = 0;
			defaultConfigurationName = Release;
		};
		40FD38A92AAC4DF100694247 /* Build configuration list for PBXNativeTarget "Chat AppUITests" */ = {
			isa = XCConfigurationList;
			buildConfigurations = (
				40FD38AA2AAC4DF100694247 /* Debug */,
				40FD38AB2AAC4DF100694247 /* Release */,
			);
			defaultConfigurationIsVisible = 0;
			defaultConfigurationName = Release;
		};
/* End XCConfigurationList section */

/* Begin XCRemoteSwiftPackageReference section */
		408963842AAC737700624116 /* XCRemoteSwiftPackageReference "firebase-ios-sdk" */ = {
			isa = XCRemoteSwiftPackageReference;
			repositoryURL = "https://github.com/firebase/firebase-ios-sdk";
			requirement = {
				kind = upToNextMajorVersion;
				minimumVersion = 10.0.0;
			};
		};
/* End XCRemoteSwiftPackageReference section */

/* Begin XCSwiftPackageProductDependency section */
		408963852AAC737700624116 /* FirebaseAuth */ = {
			isa = XCSwiftPackageProductDependency;
			package = 408963842AAC737700624116 /* XCRemoteSwiftPackageReference "firebase-ios-sdk" */;
			productName = FirebaseAuth;
		};
		408963872AAC737700624116 /* FirebaseFirestore */ = {
			isa = XCSwiftPackageProductDependency;
			package = 408963842AAC737700624116 /* XCRemoteSwiftPackageReference "firebase-ios-sdk" */;
			productName = FirebaseFirestore;
		};
		408963892AAC737700624116 /* FirebaseFirestoreSwift */ = {
			isa = XCSwiftPackageProductDependency;
			package = 408963842AAC737700624116 /* XCRemoteSwiftPackageReference "firebase-ios-sdk" */;
			productName = FirebaseFirestoreSwift;
		};
/* End XCSwiftPackageProductDependency section */

/* Begin XCVersionGroup section */
		40FD38882AAC4DF100694247 /* Chat_App.xcdatamodeld */ = {
			isa = XCVersionGroup;
			children = (
				40FD38892AAC4DF100694247 /* Chat_App.xcdatamodel */,
			);
			currentVersion = 40FD38892AAC4DF100694247 /* Chat_App.xcdatamodel */;
			path = Chat_App.xcdatamodeld;
			sourceTree = "<group>";
			versionGroupType = wrapper.xcdatamodel;
		};
/* End XCVersionGroup section */
	};
	rootObject = 40FD38722AAC4DEF00694247 /* Project object */;
}
